
Microsoft Visual Studio Solution File, Format Version 12.00
# Visual Studio Version 16
VisualStudioVersion = 16.0.31424.327
MinimumVisualStudioVersion = 10.0.40219.1
Project("{888888A0-9F3D-457C-B088-3A5042F75D52}") = "Alglin", "Alglin.pyproj", "{0AD739B4-AA32-4C98-8BC0-4C3926FD96BA}"
EndProject
Global
	GlobalSection(SolutionConfigurationPlatforms) = preSolution
		Debug|Any CPU = Debug|Any CPU
		Release|Any CPU = Release|Any CPU
	EndGlobalSection
	GlobalSection(ProjectConfigurationPlatforms) = postSolution
		{0AD739B4-AA32-4C98-8BC0-4C3926FD96BA}.Debug|Any CPU.ActiveCfg = Debug|Any CPU
		{0AD739B4-AA32-4C98-8BC0-4C3926FD96BA}.Release|Any CPU.ActiveCfg = Release|Any CPU
	EndGlobalSection
	GlobalSection(SolutionProperties) = preSolution
		HideSolutionNode = FALSE
	EndGlobalSection
	GlobalSection(ExtensibilityGlobals) = postSolution
		SolutionGuid = {A92431B7-FA99-44FC-A33C-1E12B8837D16}
	EndGlobalSection
EndGlobal
